
Microsoft Visual Studio Solution File, Format Version 12.00
# Visual Studio Version 17
VisualStudioVersion = 17.7.34003.232
MinimumVisualStudioVersion = 10.0.40219.1
Project("{FAE04EC0-301F-11D3-BF4B-00C04F79EFBC}") = "RemoveSpecialCharacters", "RemoveSpecialCharacters.csproj", "{161103E3-6BE0-4770-B6FB-F98DBD640ECD}"
EndProject
Global
	GlobalSection(SolutionConfigurationPlatforms) = preSolution
		Debug|Any CPU = Debug|Any CPU
		Release|Any CPU = Release|Any CPU
	EndGlobalSection
	GlobalSection(ProjectConfigurationPlatforms) = postSolution
		{161103E3-6BE0-4770-B6FB-F98DBD640ECD}.Debug|Any CPU.ActiveCfg = Debug|Any CPU
		{161103E3-6BE0-4770-B6FB-F98DBD640ECD}.Debug|Any CPU.Build.0 = Debug|Any CPU
		{161103E3-6BE0-4770-B6FB-F98DBD640ECD}.Release|Any CPU.ActiveCfg = Release|Any CPU
		{161103E3-6BE0-4770-B6FB-F98DBD640ECD}.Release|Any CPU.Build.0 = Release|Any CPU
	EndGlobalSection
	GlobalSection(SolutionProperties) = preSolution
		HideSolutionNode = FALSE
	EndGlobalSection
	GlobalSection(ExtensibilityGlobals) = postSolution
		SolutionGuid = {48B13CC4-6AC0-414E-B8ED-1D4E7D62CD10}
	EndGlobalSection
EndGlobal
